<?xml version="1.0" encoding="utf-8"?>
<Project ToolsVersion="4.0" xmlns="http://schemas.microsoft.com/developer/msbuild/2003">
  <ItemGroup>
    <Filter Include="Source Files">
      <UniqueIdentifier>{4FC737F1-C7A5-4376-A066-2A32D752A2FF}</UniqueIdentifier>
      <Extensions>cpp;c;cc;cxx;c++;cppm;ixx;def;odl;idl;hpj;bat;asm;asmx</Extensions>
    </Filter>
    <Filter Include="Header Files">
      <UniqueIdentifier>{93995380-89BD-4b04-88EB-625FBE52EBFB}</UniqueIdentifier>
      <Extensions>h;hh;hpp;hxx;h++;hm;inl;inc;ipp;xsd</Extensions>
    </Filter>
    <Filter Include="Resource Files">
      <UniqueIdentifier>{67DA6AB6-F800-4c08-8B7A-83BB121AAD01}</UniqueIdentifier>
      <Extensions>rc;ico;cur;bmp;dlg;rc2;rct;bin;rgs;gif;jpg;jpeg;jpe;resx;tiff;tif;png;wav;mfcribbon-ms</Extensions>
    </Filter>
    <Filter Include="Source Files\Shaders">
      <UniqueIdentifier>{0867636b-1c84-49af-812f-7607ab100450}</UniqueIdentifier>
    </Filter>
    <Filter Include="Source Files\Shaders\Fragment">
      <UniqueIdentifier>{90f90df0-5e12-4dd7-b8f9-d921d36c1341}</UniqueIdentifier>
    </Filter>
    <Filter Include="Source Files\Shaders\Vertex">
      <UniqueIdentifier>{e7bf02c6-b710-42a3-ba93-03a82ed836b8}</UniqueIdentifier>
    </Filter>
  </ItemGroup>
  <ItemGroup>
    <ClCompile Include="..\..\..\..\Libraries\C++\glad\src\glad.c">
      <Filter>Source Files</Filter>
    </ClCompile>
    <ClCompile Include="main.cpp">
      <Filter>Source Files</Filter>
    </ClCompile>
    <ClCompile Include="Shader.cpp">
      <Filter>Source Files</Filter>
    </ClCompile>
    <ClCompile Include="stb_image.cpp">
      <Filter>Source Files</Filter>
    </ClCompile>
    <ClCompile Include="Camera.cpp">
      <Filter>Source Files</Filter>
    </ClCompile>
  </ItemGroup>
  <ItemGroup>
    <ClInclude Include="Shader.h">
      <Filter>Header Files</Filter>
    </ClInclude>
    <ClInclude Include="stb_image.h">
      <Filter>Header Files</Filter>
    </ClInclude>
    <ClInclude Include="Camera.h">
      <Filter>Header Files</Filter>
    </ClInclude>
  </ItemGroup>
  <ItemGroup>
    <None Include="default.vert">
      <Filter>Source Files\Shaders\Vertex</Filter>
    </None>
    <None Include="default.frag">
      <Filter>Source Files\Shaders\Fragment</Filter>
    </None>
    <None Include="lightCube.vert">
      <Filter>Source Files\Shaders\Vertex</Filter>
    </None>
    <None Include="lightCube.frag">
      <Filter>Source Files\Shaders\Fragment</Filter>
    </None>
    <None Include="lighting.frag">
      <Filter>Source Files\Shaders\Fragment</Filter>
    </None>
    <None Include="lighting.vert">
      <Filter>Source Files\Shaders\Vertex</Filter>
    </None>
  </ItemGroup>
</Project>