<?xml version="1.0" encoding="utf-8"?>
<Project ToolsVersion="4.0" xmlns="http://schemas.microsoft.com/developer/msbuild/2003">
  <ItemGroup>
    <Filter Include="Source Files">
      <UniqueIdentifier>{4FC737F1-C7A5-4376-A066-2A32D752A2FF}</UniqueIdentifier>
      <Extensions>cpp;c;cc;cxx;c++;cppm;ixx;def;odl;idl;hpj;bat;asm;asmx</Extensions>
    </Filter>
    <Filter Include="Header Files">
      <UniqueIdentifier>{93995380-89BD-4b04-88EB-625FBE52EBFB}</UniqueIdentifier>
      <Extensions>h;hh;hpp;hxx;h++;hm;inl;inc;ipp;xsd</Extensions>
    </Filter>
    <Filter Include="Resource Files">
      <UniqueIdentifier>{67DA6AB6-F800-4c08-8B7A-83BB121AAD01}</UniqueIdentifier>
      <Extensions>rc;ico;cur;bmp;dlg;rc2;rct;bin;rgs;gif;jpg;jpeg;jpe;resx;tiff;tif;png;wav;mfcribbon-ms</Extensions>
    </Filter>
    <Filter Include="Source Files\Shaders">
      <UniqueIdentifier>{0867636b-1c84-49af-812f-7607ab100450}</UniqueIdentifier>
    </Filter>
    <Filter Include="Source Files\Shaders\Fragment">
      <UniqueIdentifier>{90f90df0-5e12-4dd7-b8f9-d921d36c1341}</UniqueIdentifier>
    </Filter>
    <Filter Include="Source Files\Shaders\Vertex">
      <UniqueIdentifier>{e7bf02c6-b710-42a3-ba93-03a82ed836b8}</UniqueIdentifier>
    </Filter>
    <Filter Include="Source Files\Shaders\Geometry">
      <UniqueIdentifier>{365fa91e-c093-40b2-9115-506737b98255}</UniqueIdentifier>
    </Filter>
  </ItemGroup>
  <ItemGroup>
    <ClCompile Include="main.cpp">
      <Filter>Source Files</Filter>
    </ClCompile>
    <ClCompile Include="Shader.cpp">
      <Filter>Source Files</Filter>
    </ClCompile>
    <ClCompile Include="stb_image.cpp">
      <Filter>Source Files</Filter>
    </ClCompile>
    <ClCompile Include="Camera.cpp">
      <Filter>Source Files</Filter>
    </ClCompile>
    <ClCompile Include="Mesh.cpp">
      <Filter>Source Files</Filter>
    </ClCompile>
    <ClCompile Include="Model.cpp">
      <Filter>Source Files</Filter>
    </ClCompile>
    <ClCompile Include="glad.c">
      <Filter>Source Files</Filter>
    </ClCompile>
  </ItemGroup>
  <ItemGroup>
    <ClInclude Include="Shader.h">
      <Filter>Header Files</Filter>
    </ClInclude>
    <ClInclude Include="stb_image.h">
      <Filter>Header Files</Filter>
    </ClInclude>
    <ClInclude Include="Camera.h">
      <Filter>Header Files</Filter>
    </ClInclude>
    <ClInclude Include="Mesh.h">
      <Filter>Header Files</Filter>
    </ClInclude>
    <ClInclude Include="Model.h">
      <Filter>Header Files</Filter>
    </ClInclude>
  </ItemGroup>
  <ItemGroup>
    <None Include="default.vert">
      <Filter>Source Files\Shaders\Vertex</Filter>
    </None>
    <None Include="default.frag">
      <Filter>Source Files\Shaders\Fragment</Filter>
    </None>
    <None Include="lightCube.vert">
      <Filter>Source Files\Shaders\Vertex</Filter>
    </None>
    <None Include="lightCube.frag">
      <Filter>Source Files\Shaders\Fragment</Filter>
    </None>
    <None Include="lighting.frag">
      <Filter>Source Files\Shaders\Fragment</Filter>
    </None>
    <None Include="lighting.vert">
      <Filter>Source Files\Shaders\Vertex</Filter>
    </None>
    <None Include="model_loading.frag">
      <Filter>Source Files\Shaders\Fragment</Filter>
    </None>
    <None Include="model_loading.vert">
      <Filter>Source Files\Shaders\Vertex</Filter>
    </None>
    <None Include="depth_testing.vert">
      <Filter>Source Files\Shaders\Vertex</Filter>
    </None>
    <None Include="depth_testing.frag">
      <Filter>Source Files\Shaders\Fragment</Filter>
    </None>
    <None Include="stencil_border.frag">
      <Filter>Source Files\Shaders\Fragment</Filter>
    </None>
    <None Include="framebuffer.frag">
      <Filter>Source Files\Shaders\Fragment</Filter>
    </None>
    <None Include="framebuffer.vert">
      <Filter>Source Files\Shaders\Vertex</Filter>
    </None>
    <None Include="skybox.frag">
      <Filter>Source Files\Shaders\Fragment</Filter>
    </None>
    <None Include="skybox.vert">
      <Filter>Source Files\Shaders\Vertex</Filter>
    </None>
    <None Include="reflection_cubemap.frag">
      <Filter>Source Files\Shaders\Fragment</Filter>
    </None>
    <None Include="reflection_cubemap.vert">
      <Filter>Source Files\Shaders\Vertex</Filter>
    </None>
    <None Include="geometry_shaders.frag">
      <Filter>Source Files\Shaders\Fragment</Filter>
    </None>
    <None Include="geometry_shaders.vert">
      <Filter>Source Files\Shaders\Vertex</Filter>
    </None>
    <None Include="geometry_shaders.geom">
      <Filter>Source Files\Shaders\Geometry</Filter>
    </None>
    <None Include="explode.geom">
      <Filter>Source Files\Shaders\Geometry</Filter>
    </None>
    <None Include="explode.frag">
      <Filter>Source Files\Shaders\Fragment</Filter>
    </None>
    <None Include="explode.vert">
      <Filter>Source Files\Shaders\Vertex</Filter>
    </None>
    <None Include="showNormals.vert">
      <Filter>Source Files\Shaders\Vertex</Filter>
    </None>
    <None Include="showNormals.geom">
      <Filter>Source Files\Shaders\Geometry</Filter>
    </None>
    <None Include="showNormals.frag">
      <Filter>Source Files\Shaders\Fragment</Filter>
    </None>
    <None Include="instancing.vert">
      <Filter>Source Files\Shaders\Vertex</Filter>
    </None>
    <None Include="instancing.frag">
      <Filter>Source Files\Shaders\Fragment</Filter>
    </None>
    <None Include="advanced_lighting.vert">
      <Filter>Source Files\Shaders\Vertex</Filter>
    </None>
    <None Include="advanced_lighting.frag">
      <Filter>Source Files\Shaders\Fragment</Filter>
    </None>
    <None Include="depthMap.vert">
      <Filter>Source Files\Shaders\Vertex</Filter>
    </None>
    <None Include="depthMap.frag">
      <Filter>Source Files\Shaders\Fragment</Filter>
    </None>
    <None Include="depthDebug.vert">
      <Filter>Source Files\Shaders\Vertex</Filter>
    </None>
    <None Include="depthDebug.frag">
      <Filter>Source Files\Shaders\Fragment</Filter>
    </None>
    <None Include="shadow_mapping.vert">
      <Filter>Source Files\Shaders\Vertex</Filter>
    </None>
    <None Include="shadow_mapping.frag">
      <Filter>Source Files\Shaders\Fragment</Filter>
    </None>
    <None Include="point_shadows.frag">
      <Filter>Source Files\Shaders\Fragment</Filter>
    </None>
    <None Include="point_shadows.vert">
      <Filter>Source Files\Shaders\Vertex</Filter>
    </None>
    <None Include="point_shadows_depth.vert">
      <Filter>Source Files\Shaders\Vertex</Filter>
    </None>
    <None Include="point_shadows_depth.geom">
      <Filter>Source Files\Shaders\Geometry</Filter>
    </None>
    <None Include="point_shadows_depth.frag">
      <Filter>Source Files\Shaders\Fragment</Filter>
    </None>
    <None Include="normal_mapping.frag">
      <Filter>Source Files\Shaders\Fragment</Filter>
    </None>
    <None Include="normal_mapping.vert">
      <Filter>Source Files\Shaders\Vertex</Filter>
    </None>
    <None Include="hdr_shader.vert">
      <Filter>Source Files\Shaders\Vertex</Filter>
    </None>
    <None Include="hdr_shader.frag">
      <Filter>Source Files\Shaders\Fragment</Filter>
    </None>
    <None Include="lighting_hdr.frag">
      <Filter>Source Files\Shaders\Fragment</Filter>
    </None>
    <None Include="lighting_hdr.vert">
      <Filter>Source Files\Shaders\Vertex</Filter>
    </None>
    <None Include="bloom.frag">
      <Filter>Source Files\Shaders\Fragment</Filter>
    </None>
    <None Include="lightBox.frag">
      <Filter>Source Files\Shaders\Fragment</Filter>
    </None>
    <None Include="blur.frag">
      <Filter>Source Files\Shaders\Fragment</Filter>
    </None>
    <None Include="bloom_final.frag">
      <Filter>Source Files\Shaders\Fragment</Filter>
    </None>
    <None Include="bloom.vert">
      <Filter>Source Files\Shaders\Vertex</Filter>
    </None>
    <None Include="blur.vert">
      <Filter>Source Files\Shaders\Vertex</Filter>
    </None>
    <None Include="bloom_final.vert">
      <Filter>Source Files\Shaders\Vertex</Filter>
    </None>
    <None Include="deferred_light_box.frag">
      <Filter>Source Files\Shaders\Fragment</Filter>
    </None>
    <None Include="deferred_shading.frag">
      <Filter>Source Files\Shaders\Fragment</Filter>
    </None>
    <None Include="g_buffer.frag">
      <Filter>Source Files\Shaders\Fragment</Filter>
    </None>
    <None Include="g_buffer.vert">
      <Filter>Source Files\Shaders\Vertex</Filter>
    </None>
    <None Include="deferred_shading.vert">
      <Filter>Source Files\Shaders\Vertex</Filter>
    </None>
    <None Include="deferred_light_box.vert">
      <Filter>Source Files\Shaders\Vertex</Filter>
    </None>
    <None Include="deferred_shading_volumes.frag">
      <Filter>Source Files\Shaders\Fragment</Filter>
    </None>
    <None Include="ssao_geometry.frag">
      <Filter>Source Files\Shaders\Fragment</Filter>
    </None>
    <None Include="ssao_lighting.frag">
      <Filter>Source Files\Shaders\Fragment</Filter>
    </None>
    <None Include="ssao.frag">
      <Filter>Source Files\Shaders\Fragment</Filter>
    </None>
    <None Include="ssao_blur.frag">
      <Filter>Source Files\Shaders\Fragment</Filter>
    </None>
    <None Include="ssao_geometry.vert">
      <Filter>Source Files\Shaders\Vertex</Filter>
    </None>
    <None Include="ssao.vert">
      <Filter>Source Files\Shaders\Vertex</Filter>
    </None>
    <None Include="pbr_lighting.frag">
      <Filter>Source Files\Shaders\Fragment</Filter>
    </None>
    <None Include="pbr_lighting.vert">
      <Filter>Source Files\Shaders\Vertex</Filter>
    </None>
    <None Include="convert_to_cubemap.vert">
      <Filter>Source Files\Shaders\Vertex</Filter>
    </None>
    <None Include="convert_to_cubemap.frag">
      <Filter>Source Files\Shaders\Fragment</Filter>
    </None>
    <None Include="envMapSkybox.vert">
      <Filter>Source Files\Shaders\Vertex</Filter>
    </None>
    <None Include="envMapSkybox.frag">
      <Filter>Source Files\Shaders\Fragment</Filter>
    </None>
    <None Include="irradiance_convolution.frag">
      <Filter>Source Files\Shaders\Fragment</Filter>
    </None>
    <None Include="prefilter.frag">
      <Filter>Source Files\Shaders\Fragment</Filter>
    </None>
    <None Include="brdf.vert">
      <Filter>Source Files\Shaders\Vertex</Filter>
    </None>
    <None Include="brdf.frag">
      <Filter>Source Files\Shaders\Fragment</Filter>
    </None>
  </ItemGroup>
</Project>